
Microsoft Visual Studio Solution File, Format Version 12.00
# Visual Studio Version 17
VisualStudioVersion = 17.1.32319.34
MinimumVisualStudioVersion = 10.0.40219.1
Project("{FAE04EC0-301F-11D3-BF4B-00C04F79EFBC}") = "OpenFFBClient", "OpenFFBClient\OpenFFBClient.csproj", "{7BAA5BDF-A1A8-47D6-8E49-891FD475C66D}"
EndProject
Project("{FAE04EC0-301F-11D3-BF4B-00C04F79EFBC}") = "OpenFFBSharp", "OpenFFBSharp\OpenFFBSharp.csproj", "{39FC2DA2-6E0B-437C-A98B-FF092D2759D4}"
EndProject
Project("{FAE04EC0-301F-11D3-BF4B-00C04F79EFBC}") = "OpenFFBSharpTests", "OpenFFBSharpTests\OpenFFBSharpTests.csproj", "{8C84387D-00D4-47A5-B414-B828842164B1}"
	ProjectSection(ProjectDependencies) = postProject
		{39FC2DA2-6E0B-437C-A98B-FF092D2759D4} = {39FC2DA2-6E0B-437C-A98B-FF092D2759D4}
	EndProjectSection
EndProject
Global
	GlobalSection(SolutionConfigurationPlatforms) = preSolution
		Debug|Any CPU = Debug|Any CPU
		Release|Any CPU = Release|Any CPU
	EndGlobalSection
	GlobalSection(ProjectConfigurationPlatforms) = postSolution
		{7BAA5BDF-A1A8-47D6-8E49-891FD475C66D}.Debug|Any CPU.ActiveCfg = Debug|Any CPU
		{7BAA5BDF-A1A8-47D6-8E49-891FD475C66D}.Debug|Any CPU.Build.0 = Debug|Any CPU
		{7BAA5BDF-A1A8-47D6-8E49-891FD475C66D}.Release|Any CPU.ActiveCfg = Release|Any CPU
		{7BAA5BDF-A1A8-47D6-8E49-891FD475C66D}.Release|Any CPU.Build.0 = Release|Any CPU
		{39FC2DA2-6E0B-437C-A98B-FF092D2759D4}.Debug|Any CPU.ActiveCfg = Debug|Any CPU
		{39FC2DA2-6E0B-437C-A98B-FF092D2759D4}.Debug|Any CPU.Build.0 = Debug|Any CPU
		{39FC2DA2-6E0B-437C-A98B-FF092D2759D4}.Release|Any CPU.ActiveCfg = Release|Any CPU
		{39FC2DA2-6E0B-437C-A98B-FF092D2759D4}.Release|Any CPU.Build.0 = Release|Any CPU
		{8C84387D-00D4-47A5-B414-B828842164B1}.Debug|Any CPU.ActiveCfg = Debug|Any CPU
		{8C84387D-00D4-47A5-B414-B828842164B1}.Debug|Any CPU.Build.0 = Debug|Any CPU
		{8C84387D-00D4-47A5-B414-B828842164B1}.Release|Any CPU.ActiveCfg = Release|Any CPU
		{8C84387D-00D4-47A5-B414-B828842164B1}.Release|Any CPU.Build.0 = Release|Any CPU
	EndGlobalSection
	GlobalSection(SolutionProperties) = preSolution
		HideSolutionNode = FALSE
	EndGlobalSection
	GlobalSection(ExtensibilityGlobals) = postSolution
		SolutionGuid = {15409487-EF69-4FAC-BB34-44F643460BB7}
	EndGlobalSection
EndGlobal
